// !$*UTF8*$!
{
	archiveVersion = 1;
	classes = {
	};
	objectVersion = 55;
	objects = {

/* Begin PBXBuildFile section */
		1415F20A2818237500F4DAF5 /* K.swift in Sources */ = {isa = PBXBuildFile; fileRef = 1415F2092818237500F4DAF5 /* K.swift */; };
		14C6BB5E28178E77003E41BA /* DetailView.swift in Sources */ = {isa = PBXBuildFile; fileRef = 14C6BB5D28178E77003E41BA /* DetailView.swift */; };
		14C6BB602817914C003E41BA /* InfoView.swift in Sources */ = {isa = PBXBuildFile; fileRef = 14C6BB5F2817914C003E41BA /* InfoView.swift */; };
		14E89B8B2817856B00F1CACB /* Mi_CardApp.swift in Sources */ = {isa = PBXBuildFile; fileRef = 14E89B8A2817856B00F1CACB /* Mi_CardApp.swift */; };
		14E89B8D2817856B00F1CACB /* ContentView.swift in Sources */ = {isa = PBXBuildFile; fileRef = 14E89B8C2817856B00F1CACB /* ContentView.swift */; };
		14E89B8F2817856C00F1CACB /* Assets.xcassets in Resources */ = {isa = PBXBuildFile; fileRef = 14E89B8E2817856C00F1CACB /* Assets.xcassets */; };
		14E89B922817856C00F1CACB /* Preview Assets.xcassets in Resources */ = {isa = PBXBuildFile; fileRef = 14E89B912817856C00F1CACB /* Preview Assets.xcassets */; };
		14E89B9A281786C400F1CACB /* Pacifico-Regular.ttf in Resources */ = {isa = PBXBuildFile; fileRef = 14E89B99281786C400F1CACB /* Pacifico-Regular.ttf */; };
/* End PBXBuildFile section */

/* Begin PBXFileReference section */
		1415F2092818237500F4DAF5 /* K.swift */ = {isa = PBXFileReference; lastKnownFileType = sourcecode.swift; path = K.swift; sourceTree = "<group>"; };
		14C6BB5D28178E77003E41BA /* DetailView.swift */ = {isa = PBXFileReference; lastKnownFileType = sourcecode.swift; path = DetailView.swift; sourceTree = "<group>"; };
		14C6BB5F2817914C003E41BA /* InfoView.swift */ = {isa = PBXFileReference; lastKnownFileType = sourcecode.swift; path = InfoView.swift; sourceTree = "<group>"; };
		14E89B872817856B00F1CACB /* Mi Card.app */ = {isa = PBXFileReference; explicitFileType = wrapper.application; includeInIndex = 0; path = "Mi Card.app"; sourceTree = BUILT_PRODUCTS_DIR; };
		14E89B8A2817856B00F1CACB /* Mi_CardApp.swift */ = {isa = PBXFileReference; lastKnownFileType = sourcecode.swift; path = Mi_CardApp.swift; sourceTree = "<group>"; };
		14E89B8C2817856B00F1CACB /* ContentView.swift */ = {isa = PBXFileReference; lastKnownFileType = sourcecode.swift; path = ContentView.swift; sourceTree = "<group>"; };
		14E89B8E2817856C00F1CACB /* Assets.xcassets */ = {isa = PBXFileReference; lastKnownFileType = folder.assetcatalog; path = Assets.xcassets; sourceTree = "<group>"; };
		14E89B912817856C00F1CACB /* Preview Assets.xcassets */ = {isa = PBXFileReference; lastKnownFileType = folder.assetcatalog; path = "Preview Assets.xcassets"; sourceTree = "<group>"; };
		14E89B98281786A300F1CACB /* Mi-Card-Info.plist */ = {isa = PBXFileReference; lastKnownFileType = text.plist; path = "Mi-Card-Info.plist"; sourceTree = SOURCE_ROOT; };
		14E89B99281786C400F1CACB /* Pacifico-Regular.ttf */ = {isa = PBXFileReference; lastKnownFileType = file; path = "Pacifico-Regular.ttf"; sourceTree = "<group>"; };
/* End PBXFileReference section */

/* Begin PBXFrameworksBuildPhase section */
		14E89B842817856B00F1CACB /* Frameworks */ = {
			isa = PBXFrameworksBuildPhase;
			buildActionMask = 2147483647;
			files = (
			);
			runOnlyForDeploymentPostprocessing = 0;
		};
/* End PBXFrameworksBuildPhase section */

/* Begin PBXGroup section */
		14C6BB5B28178E43003E41BA /* Model */ = {
			isa = PBXGroup;
			children = (
				14C6BB5D28178E77003E41BA /* DetailView.swift */,
				14C6BB5F2817914C003E41BA /* InfoView.swift */,
				1415F2092818237500F4DAF5 /* K.swift */,
			);
			path = Model;
			sourceTree = "<group>";
		};
		14C6BB5C28178E57003E41BA /* View */ = {
			isa = PBXGroup;
			children = (
				14E89B8C2817856B00F1CACB /* ContentView.swift */,
			);
			path = View;
			sourceTree = "<group>";
		};
		14E89B7E2817856B00F1CACB = {
			isa = PBXGroup;
			children = (
				14E89B892817856B00F1CACB /* Mi Card */,
				14E89B882817856B00F1CACB /* Products */,
			);
			sourceTree = "<group>";
		};
		14E89B882817856B00F1CACB /* Products */ = {
			isa = PBXGroup;
			children = (
				14E89B872817856B00F1CACB /* Mi Card.app */,
			);
			name = Products;
			sourceTree = "<group>";
		};
		14E89B892817856B00F1CACB /* Mi Card */ = {
			isa = PBXGroup;
			children = (
				14E89B98281786A300F1CACB /* Mi-Card-Info.plist */,
				14E89B8A2817856B00F1CACB /* Mi_CardApp.swift */,
				14C6BB5B28178E43003E41BA /* Model */,
				14C6BB5C28178E57003E41BA /* View */,
				14E89B9C281786D000F1CACB /* Supporting Files */,
				14E89B902817856C00F1CACB /* Preview Content */,
			);
			path = "Mi Card";
			sourceTree = "<group>";
		};
		14E89B902817856C00F1CACB /* Preview Content */ = {
			isa = PBXGroup;
			children = (
				14E89B912817856C00F1CACB /* Preview Assets.xcassets */,
			);
			path = "Preview Content";
			sourceTree = "<group>";
		};
		14E89B9B281786C900F1CACB /* Fonts */ = {
			isa = PBXGroup;
			children = (
				14E89B99281786C400F1CACB /* Pacifico-Regular.ttf */,
			);
			path = Fonts;
			sourceTree = "<group>";
		};
		14E89B9C281786D000F1CACB /* Supporting Files */ = {
			isa = PBXGroup;
			children = (
				14E89B9B281786C900F1CACB /* Fonts */,
				14E89B8E2817856C00F1CACB /* Assets.xcassets */,
			);
			path = "Supporting Files";
			sourceTree = "<group>";
		};
/* End PBXGroup section */

/* Begin PBXNativeTarget section */
		14E89B862817856B00F1CACB /* Mi Card */ = {
			isa = PBXNativeTarget;
			buildConfigurationList = 14E89B952817856C00F1CACB /* Build configuration list for PBXNativeTarget "Mi Card" */;
			buildPhases = (
				14E89B832817856B00F1CACB /* Sources */,
				14E89B842817856B00F1CACB /* Frameworks */,
				14E89B852817856B00F1CACB /* Resources */,
			);
			buildRules = (
			);
			dependencies = (
			);
			name = "Mi Card";
			productName = "Mi Card";
			productReference = 14E89B872817856B00F1CACB /* Mi Card.app */;
			productType = "com.apple.product-type.application";
		};
/* End PBXNativeTarget section */

/* Begin PBXProject section */
		14E89B7F2817856B00F1CACB /* Project object */ = {
			isa = PBXProject;
			attributes = {
				BuildIndependentTargetsInParallel = 1;
				LastSwiftUpdateCheck = 1320;
				LastUpgradeCheck = 1320;
				TargetAttributes = {
					14E89B862817856B00F1CACB = {
						CreatedOnToolsVersion = 13.2.1;
					};
				};
			};
			buildConfigurationList = 14E89B822817856B00F1CACB /* Build configuration list for PBXProject "Mi Card" */;
			compatibilityVersion = "Xcode 13.0";
			developmentRegion = en;
			hasScannedForEncodings = 0;
			knownRegions = (
				en,
				Base,
			);
			mainGroup = 14E89B7E2817856B00F1CACB;
			productRefGroup = 14E89B882817856B00F1CACB /* Products */;
			projectDirPath = "";
			projectRoot = "";
			targets = (
				14E89B862817856B00F1CACB /* Mi Card */,
			);
		};
/* End PBXProject section */

/* Begin PBXResourcesBuildPhase section */
		14E89B852817856B00F1CACB /* Resources */ = {
			isa = PBXResourcesBuildPhase;
			buildActionMask = 2147483647;
			files = (
				14E89B9A281786C400F1CACB /* Pacifico-Regular.ttf in Resources */,
				14E89B922817856C00F1CACB /* Preview Assets.xcassets in Resources */,
				14E89B8F2817856C00F1CACB /* Assets.xcassets in Resources */,
			);
			runOnlyForDeploymentPostprocessing = 0;
		};
/* End PBXResourcesBuildPhase section */

/* Begin PBXSourcesBuildPhase section */
		14E89B832817856B00F1CACB /* Sources */ = {
			isa = PBXSourcesBuildPhase;
			buildActionMask = 2147483647;
			files = (
				14C6BB602817914C003E41BA /* InfoView.swift in Sources */,
				1415F20A2818237500F4DAF5 /* K.swift in Sources */,
				14E89B8D2817856B00F1CACB /* ContentView.swift in Sources */,
				14C6BB5E28178E77003E41BA /* DetailView.swift in Sources */,
				14E89B8B2817856B00F1CACB /* Mi_CardApp.swift in Sources */,
			);
			runOnlyForDeploymentPostprocessing = 0;
		};
/* End PBXSourcesBuildPhase section */

/* Begin XCBuildConfiguration section */
		14E89B932817856C00F1CACB /* Debug */ = {
			isa = XCBuildConfiguration;
			buildSettings = {
				ALWAYS_SEARCH_USER_PATHS = NO;
				CLANG_ANALYZER_NONNULL = YES;
				CLANG_ANALYZER_NUMBER_OBJECT_CONVERSION = YES_AGGRESSIVE;
				CLANG_CXX_LANGUAGE_STANDARD = "gnu++17";
				CLANG_CXX_LIBRARY = "libc++";
				CLANG_ENABLE_MODULES = YES;
				CLANG_ENABLE_OBJC_ARC = YES;
				CLANG_ENABLE_OBJC_WEAK = YES;
				CLANG_WARN_BLOCK_CAPTURE_AUTORELEASING = YES;
				CLANG_WARN_BOOL_CONVERSION = YES;
				CLANG_WARN_COMMA = YES;
				CLANG_WARN_CONSTANT_CONVERSION = YES;
				CLANG_WARN_DEPRECATED_OBJC_IMPLEMENTATIONS = YES;
				CLANG_WARN_DIRECT_OBJC_ISA_USAGE = YES_ERROR;
				CLANG_WARN_DOCUMENTATION_COMMENTS = YES;
				CLANG_WARN_EMPTY_BODY = YES;
				CLANG_WARN_ENUM_CONVERSION = YES;
				CLANG_WARN_INFINITE_RECURSION = YES;
				CLANG_WARN_INT_CONVERSION = YES;
				CLANG_WARN_NON_LITERAL_NULL_CONVERSION = YES;
				CLANG_WARN_OBJC_IMPLICIT_RETAIN_SELF = YES;
				CLANG_WARN_OBJC_LITERAL_CONVERSION = YES;
				CLANG_WARN_OBJC_ROOT_CLASS = YES_ERROR;
				CLANG_WARN_QUOTED_INCLUDE_IN_FRAMEWORK_HEADER = YES;
				CLANG_WARN_RANGE_LOOP_ANALYSIS = YES;
				CLANG_WARN_STRICT_PROTOTYPES = YES;
				CLANG_WARN_SUSPICIOUS_MOVE = YES;
				CLANG_WARN_UNGUARDED_AVAILABILITY = YES_AGGRESSIVE;
				CLANG_WARN_UNREACHABLE_CODE = YES;
				CLANG_WARN__DUPLICATE_METHOD_MATCH = YES;
				COPY_PHASE_STRIP = NO;
				DEBUG_INFORMATION_FORMAT = dwarf;
				ENABLE_STRICT_OBJC_MSGSEND = YES;
				ENABLE_TESTABILITY = YES;
				GCC_C_LANGUAGE_STANDARD = gnu11;
				GCC_DYNAMIC_NO_PIC = NO;
				GCC_NO_COMMON_BLOCKS = YES;
				GCC_OPTIMIZATION_LEVEL = 0;
				GCC_PREPROCESSOR_DEFINITIONS = (
					"DEBUG=1",
					"$(inherited)",
				);
				GCC_WARN_64_TO_32_BIT_CONVERSION = YES;
				GCC_WARN_ABOUT_RETURN_TYPE = YES_ERROR;
				GCC_WARN_UNDECLARED_SELECTOR = YES;
				GCC_WARN_UNINITIALIZED_AUTOS = YES_AGGRESSIVE;
				GCC_WARN_UNUSED_FUNCTION = YES;
				GCC_WARN_UNUSED_VARIABLE = YES;
				IPHONEOS_DEPLOYMENT_TARGET = 15.2;
				MTL_ENABLE_DEBUG_INFO = INCLUDE_SOURCE;
				MTL_FAST_MATH = YES;
				ONLY_ACTIVE_ARCH = YES;
				SDKROOT = iphoneos;
				SWIFT_ACTIVE_COMPILATION_CONDITIONS = DEBUG;
				SWIFT_OPTIMIZATION_LEVEL = "-Onone";
			};
			name = Debug;
		};
		14E89B942817856C00F1CACB /* Release */ = {
			isa = XCBuildConfiguration;
			buildSettings = {
				ALWAYS_SEARCH_USER_PATHS = NO;
				CLANG_ANALYZER_NONNULL = YES;
				CLANG_ANALYZER_NUMBER_OBJECT_CONVERSION = YES_AGGRESSIVE;
				CLANG_CXX_LANGUAGE_STANDARD = "gnu++17";
				CLANG_CXX_LIBRARY = "libc++";
				CLANG_ENABLE_MODULES = YES;
				CLANG_ENABLE_OBJC_ARC = YES;
				CLANG_ENABLE_OBJC_WEAK = YES;
				CLANG_WARN_BLOCK_CAPTURE_AUTORELEASING = YES;
				CLANG_WARN_BOOL_CONVERSION = YES;
				CLANG_WARN_COMMA = YES;
				CLANG_WARN_CONSTANT_CONVERSION = YES;
				CLANG_WARN_DEPRECATED_OBJC_IMPLEMENTATIONS = YES;
				CLANG_WARN_DIRECT_OBJC_ISA_USAGE = YES_ERROR;
				CLANG_WARN_DOCUMENTATION_COMMENTS = YES;
				CLANG_WARN_EMPTY_BODY = YES;
				CLANG_WARN_ENUM_CONVERSION = YES;
				CLANG_WARN_INFINITE_RECURSION = YES;
				CLANG_WARN_INT_CONVERSION = YES;
				CLANG_WARN_NON_LITERAL_NULL_CONVERSION = YES;
				CLANG_WARN_OBJC_IMPLICIT_RETAIN_SELF = YES;
				CLANG_WARN_OBJC_LITERAL_CONVERSION = YES;
				CLANG_WARN_OBJC_ROOT_CLASS = YES_ERROR;
				CLANG_WARN_QUOTED_INCLUDE_IN_FRAMEWORK_HEADER = YES;
				CLANG_WARN_RANGE_LOOP_ANALYSIS = YES;
				CLANG_WARN_STRICT_PROTOTYPES = YES;
				CLANG_WARN_SUSPICIOUS_MOVE = YES;
				CLANG_WARN_UNGUARDED_AVAILABILITY = YES_AGGRESSIVE;
				CLANG_WARN_UNREACHABLE_CODE = YES;
				CLANG_WARN__DUPLICATE_METHOD_MATCH = YES;
				COPY_PHASE_STRIP = NO;
				DEBUG_INFORMATION_FORMAT = "dwarf-with-dsym";
				ENABLE_NS_ASSERTIONS = NO;
				ENABLE_STRICT_OBJC_MSGSEND = YES;
				GCC_C_LANGUAGE_STANDARD = gnu11;
				GCC_NO_COMMON_BLOCKS = YES;
				GCC_WARN_64_TO_32_BIT_CONVERSION = YES;
				GCC_WARN_ABOUT_RETURN_TYPE = YES_ERROR;
				GCC_WARN_UNDECLARED_SELECTOR = YES;
				GCC_WARN_UNINITIALIZED_AUTOS = YES_AGGRESSIVE;
				GCC_WARN_UNUSED_FUNCTION = YES;
				GCC_WARN_UNUSED_VARIABLE = YES;
				IPHONEOS_DEPLOYMENT_TARGET = 15.2;
				MTL_ENABLE_DEBUG_INFO = NO;
				MTL_FAST_MATH = YES;
				SDKROOT = iphoneos;
				SWIFT_COMPILATION_MODE = wholemodule;
				SWIFT_OPTIMIZATION_LEVEL = "-O";
				VALIDATE_PRODUCT = YES;
			};
			name = Release;
		};
		14E89B962817856C00F1CACB /* Debug */ = {
			isa = XCBuildConfiguration;
			buildSettings = {
				ASSETCATALOG_COMPILER_GLOBAL_ACCENT_COLOR_NAME = AccentColor;
				ASSETCATALOG_COMPILER_INCLUDE_ALL_APPICON_ASSETS = YES;
				CODE_SIGN_STYLE = Automatic;
				CURRENT_PROJECT_VERSION = 1;
				DEVELOPMENT_ASSET_PATHS = "\"Mi Card/Preview Content\"";
				DEVELOPMENT_TEAM = 873GG57D8S;
				ENABLE_PREVIEWS = YES;
				GENERATE_INFOPLIST_FILE = YES;
				INFOPLIST_FILE = "Mi-Card-Info.plist";
				INFOPLIST_KEY_UIApplicationSceneManifest_Generation = YES;
				INFOPLIST_KEY_UIApplicationSupportsIndirectInputEvents = YES;
				INFOPLIST_KEY_UILaunchScreen_Generation = YES;
				INFOPLIST_KEY_UISupportedInterfaceOrientations_iPad = "UIInterfaceOrientationPortrait UIInterfaceOrientationPortraitUpsideDown UIInterfaceOrientationLandscapeLeft UIInterfaceOrientationLandscapeRight";
				INFOPLIST_KEY_UISupportedInterfaceOrientations_iPhone = "UIInterfaceOrientationPortrait UIInterfaceOrientationLandscapeLeft UIInterfaceOrientationLandscapeRight";
				LD_RUNPATH_SEARCH_PATHS = (
					"$(inherited)",
					"@executable_path/Frameworks",
				);
				MARKETING_VERSION = 1.0;
				PRODUCT_BUNDLE_IDENTIFIER = "com.adithyahnair.Mi-Card";
				PRODUCT_NAME = "$(TARGET_NAME)";
				SWIFT_EMIT_LOC_STRINGS = YES;
				SWIFT_VERSION = 5.0;
				TARGETED_DEVICE_FAMILY = "1,2";
			};
			name = Debug;
		};
		14E89B972817856C00F1CACB /* Release */ = {
			isa = XCBuildConfiguration;
			buildSettings = {
				ASSETCATALOG_COMPILER_GLOBAL_ACCENT_COLOR_NAME = AccentColor;
				ASSETCATALOG_COMPILER_INCLUDE_ALL_APPICON_ASSETS = YES;
				CODE_SIGN_STYLE = Automatic;
				CURRENT_PROJECT_VERSION = 1;
				DEVELOPMENT_ASSET_PATHS = "\"Mi Card/Preview Content\"";
				DEVELOPMENT_TEAM = 873GG57D8S;
				ENABLE_PREVIEWS = YES;
				GENERATE_INFOPLIST_FILE = YES;
				INFOPLIST_FILE = "Mi-Card-Info.plist";
				INFOPLIST_KEY_UIApplicationSceneManifest_Generation = YES;
				INFOPLIST_KEY_UIApplicationSupportsIndirectInputEvents = YES;
				INFOPLIST_KEY_UILaunchScreen_Generation = YES;
				INFOPLIST_KEY_UISupportedInterfaceOrientations_iPad = "UIInterfaceOrientationPortrait UIInterfaceOrientationPortraitUpsideDown UIInterfaceOrientationLandscapeLeft UIInterfaceOrientationLandscapeRight";
				INFOPLIST_KEY_UISupportedInterfaceOrientations_iPhone = "UIInterfaceOrientationPortrait UIInterfaceOrientationLandscapeLeft UIInterfaceOrientationLandscapeRight";
				LD_RUNPATH_SEARCH_PATHS = (
					"$(inherited)",
					"@executable_path/Frameworks",
				);
				MARKETING_VERSION = 1.0;
				PRODUCT_BUNDLE_IDENTIFIER = "com.adithyahnair.Mi-Card";
				PRODUCT_NAME = "$(TARGET_NAME)";
				SWIFT_EMIT_LOC_STRINGS = YES;
				SWIFT_VERSION = 5.0;
				TARGETED_DEVICE_FAMILY = "1,2";
			};
			name = Release;
		};
/* End XCBuildConfiguration section */

/* Begin XCConfigurationList section */
		14E89B822817856B00F1CACB /* Build configuration list for PBXProject "Mi Card" */ = {
			isa = XCConfigurationList;
			buildConfigurations = (
				14E89B932817856C00F1CACB /* Debug */,
				14E89B942817856C00F1CACB /* Release */,
			);
			defaultConfigurationIsVisible = 0;
			defaultConfigurationName = Release;
		};
		14E89B952817856C00F1CACB /* Build configuration list for PBXNativeTarget "Mi Card" */ = {
			isa = XCConfigurationList;
			buildConfigurations = (
				14E89B962817856C00F1CACB /* Debug */,
				14E89B972817856C00F1CACB /* Release */,
			);
			defaultConfigurationIsVisible = 0;
			defaultConfigurationName = Release;
		};
/* End XCConfigurationList section */
	};
	rootObject = 14E89B7F2817856B00F1CACB /* Project object */;
}
